// !$*UTF8*$!
{
	archiveVersion = 1;
	classes = {
	};
	objectVersion = 56;
	objects = {

/* Begin PBXBuildFile section */
		3A81C1FA2B2B5A2300ADF51B /* viewBookingTableViewController.swift in Sources */ = {isa = PBXBuildFile; fileRef = 3A81C1F92B2B5A2300ADF51B /* viewBookingTableViewController.swift */; };
		3AE79DCC2B29D8CD00889BB7 /* Test.swift in Sources */ = {isa = PBXBuildFile; fileRef = 3AE79DCB2B29D8CD00889BB7 /* Test.swift */; };
		3AE79DCE2B29D8E200889BB7 /* hospital.swift in Sources */ = {isa = PBXBuildFile; fileRef = 3AE79DCD2B29D8E200889BB7 /* hospital.swift */; };
		3AE79DD02B29D91600889BB7 /* booking.swift in Sources */ = {isa = PBXBuildFile; fileRef = 3AE79DCF2B29D91600889BB7 /* booking.swift */; };
		3AE79DD22B29D94900889BB7 /* packages.swift in Sources */ = {isa = PBXBuildFile; fileRef = 3AE79DD12B29D94900889BB7 /* packages.swift */; };
		3AE79DD62B29DCA200889BB7 /* patientBookingTableViewController.swift in Sources */ = {isa = PBXBuildFile; fileRef = 3AE79DD52B29DCA200889BB7 /* patientBookingTableViewController.swift */; };
		3AE79DD82B29DE2B00889BB7 /* bookings.swift in Sources */ = {isa = PBXBuildFile; fileRef = 3AE79DD72B29DE2B00889BB7 /* bookings.swift */; };
		3AE79DDA2B29E04000889BB7 /* PatientHistoryTableViewCell.swift in Sources */ = {isa = PBXBuildFile; fileRef = 3AE79DD92B29E04000889BB7 /* PatientHistoryTableViewCell.swift */; };
		8D33AABA2B30D317004CC0EF /* bookingdateTableViewController.swift in Sources */ = {isa = PBXBuildFile; fileRef = 8D33AAB92B30D317004CC0EF /* bookingdateTableViewController.swift */; };
		8D5AB97F2B30D27700BA8FF8 /* calendarTableViewCell.swift in Sources */ = {isa = PBXBuildFile; fileRef = 8D5AB97E2B30D27700BA8FF8 /* calendarTableViewCell.swift */; };
		C6D4F2822B29A4AC00798CE4 /* LabData.swift in Sources */ = {isa = PBXBuildFile; fileRef = C6D4F2812B29A4AC00798CE4 /* LabData.swift */; };
		C6D4F2852B29AB3E00798CE4 /* HospitalLabTableViewCell.m in Sources */ = {isa = PBXBuildFile; fileRef = C6D4F2842B29AB3E00798CE4 /* HospitalLabTableViewCell.m */; };
		F07483A52B1F100C003B67D8 /* AppDelegate.swift in Sources */ = {isa = PBXBuildFile; fileRef = F07483A42B1F100C003B67D8 /* AppDelegate.swift */; };
		F07483A72B1F100C003B67D8 /* SceneDelegate.swift in Sources */ = {isa = PBXBuildFile; fileRef = F07483A62B1F100C003B67D8 /* SceneDelegate.swift */; };
		F07483AC2B1F100C003B67D8 /* Main.storyboard in Resources */ = {isa = PBXBuildFile; fileRef = F07483AA2B1F100C003B67D8 /* Main.storyboard */; };
		F07483AE2B1F100E003B67D8 /* Assets.xcassets in Resources */ = {isa = PBXBuildFile; fileRef = F07483AD2B1F100E003B67D8 /* Assets.xcassets */; };
		F07483B12B1F100E003B67D8 /* LaunchScreen.storyboard in Resources */ = {isa = PBXBuildFile; fileRef = F07483AF2B1F100E003B67D8 /* LaunchScreen.storyboard */; };
		F0C7CE392B2992AA003355CE /* RegistrationTableViewController.swift in Sources */ = {isa = PBXBuildFile; fileRef = F0C7CE382B2992AA003355CE /* RegistrationTableViewController.swift */; };
		F0DBA52B2B25DB0900EE7B28 /* Users.swift in Sources */ = {isa = PBXBuildFile; fileRef = F0DBA52A2B25DB0900EE7B28 /* Users.swift */; };
		F0DBA52D2B25DB1700EE7B28 /* Patient.swift in Sources */ = {isa = PBXBuildFile; fileRef = F0DBA52C2B25DB1700EE7B28 /* Patient.swift */; };
		F0DBA52F2B25DB2300EE7B28 /* Labs.swift in Sources */ = {isa = PBXBuildFile; fileRef = F0DBA52E2B25DB2300EE7B28 /* Labs.swift */; };
		F0DBA5312B25DB3100EE7B28 /* Admin.swift in Sources */ = {isa = PBXBuildFile; fileRef = F0DBA5302B25DB3100EE7B28 /* Admin.swift */; };
		F0DBA5382B25DC1300EE7B28 /* UsersData.swift in Sources */ = {isa = PBXBuildFile; fileRef = F0DBA5372B25DC1300EE7B28 /* UsersData.swift */; };
		F0DBA53A2B25DC2100EE7B28 /* Alerts.swift in Sources */ = {isa = PBXBuildFile; fileRef = F0DBA5392B25DC2100EE7B28 /* Alerts.swift */; };
		F0DBA53C2B25DC5200EE7B28 /* LoginTableViewController.swift in Sources */ = {isa = PBXBuildFile; fileRef = F0DBA53B2B25DC5200EE7B28 /* LoginTableViewController.swift */; };
		F0E033BF2B1F18A80090D7BB /* Admin.storyboard in Resources */ = {isa = PBXBuildFile; fileRef = F0E033BE2B1F18A80090D7BB /* Admin.storyboard */; };
		F0E033C12B1F18C40090D7BB /* Lab.storyboard in Resources */ = {isa = PBXBuildFile; fileRef = F0E033C02B1F18C40090D7BB /* Lab.storyboard */; };
		F0E033C32B1F18ED0090D7BB /* Paitent.storyboard in Resources */ = {isa = PBXBuildFile; fileRef = F0E033C22B1F18ED0090D7BB /* Paitent.storyboard */; };
/* End PBXBuildFile section */

/* Begin PBXFileReference section */
		3A81C1F92B2B5A2300ADF51B /* viewBookingTableViewController.swift */ = {isa = PBXFileReference; lastKnownFileType = sourcecode.swift; path = viewBookingTableViewController.swift; sourceTree = "<group>"; };
		3AE79DCB2B29D8CD00889BB7 /* Test.swift */ = {isa = PBXFileReference; lastKnownFileType = sourcecode.swift; path = Test.swift; sourceTree = "<group>"; };
		3AE79DCD2B29D8E200889BB7 /* hospital.swift */ = {isa = PBXFileReference; lastKnownFileType = sourcecode.swift; path = hospital.swift; sourceTree = "<group>"; };
		3AE79DCF2B29D91600889BB7 /* booking.swift */ = {isa = PBXFileReference; lastKnownFileType = sourcecode.swift; path = booking.swift; sourceTree = "<group>"; };
		3AE79DD12B29D94900889BB7 /* packages.swift */ = {isa = PBXFileReference; lastKnownFileType = sourcecode.swift; path = packages.swift; sourceTree = "<group>"; };
		3AE79DD52B29DCA200889BB7 /* patientBookingTableViewController.swift */ = {isa = PBXFileReference; lastKnownFileType = sourcecode.swift; path = patientBookingTableViewController.swift; sourceTree = "<group>"; };
		3AE79DD72B29DE2B00889BB7 /* bookings.swift */ = {isa = PBXFileReference; lastKnownFileType = sourcecode.swift; path = bookings.swift; sourceTree = "<group>"; };
		3AE79DD92B29E04000889BB7 /* PatientHistoryTableViewCell.swift */ = {isa = PBXFileReference; lastKnownFileType = sourcecode.swift; path = PatientHistoryTableViewCell.swift; sourceTree = "<group>"; };
		8D33AAB92B30D317004CC0EF /* bookingdateTableViewController.swift */ = {isa = PBXFileReference; fileEncoding = 4; lastKnownFileType = sourcecode.swift; path = bookingdateTableViewController.swift; sourceTree = "<group>"; };
		8D5AB97E2B30D27700BA8FF8 /* calendarTableViewCell.swift */ = {isa = PBXFileReference; fileEncoding = 4; lastKnownFileType = sourcecode.swift; name = calendarTableViewCell.swift; path = "../../../../../Library/Mobile Documents/.Trash/LabCaught 22.15.28/calendarTableViewCell.swift"; sourceTree = "<group>"; };
		C6D4F2812B29A4AC00798CE4 /* LabData.swift */ = {isa = PBXFileReference; lastKnownFileType = sourcecode.swift; path = LabData.swift; sourceTree = "<group>"; };
		C6D4F2832B29AB3E00798CE4 /* HospitalLabTableViewCell.h */ = {isa = PBXFileReference; lastKnownFileType = sourcecode.c.h; name = HospitalLabTableViewCell.h; path = LabCaught/Helpers/HospitalLabTableViewCell.h; sourceTree = SOURCE_ROOT; };
		C6D4F2842B29AB3E00798CE4 /* HospitalLabTableViewCell.m */ = {isa = PBXFileReference; lastKnownFileType = sourcecode.c.objc; name = HospitalLabTableViewCell.m; path = LabCaught/Helpers/HospitalLabTableViewCell.m; sourceTree = SOURCE_ROOT; };
		F07483A12B1F100C003B67D8 /* LabCaught.app */ = {isa = PBXFileReference; explicitFileType = wrapper.application; includeInIndex = 0; path = LabCaught.app; sourceTree = BUILT_PRODUCTS_DIR; };
		F07483A42B1F100C003B67D8 /* AppDelegate.swift */ = {isa = PBXFileReference; lastKnownFileType = sourcecode.swift; path = AppDelegate.swift; sourceTree = "<group>"; };
		F07483A62B1F100C003B67D8 /* SceneDelegate.swift */ = {isa = PBXFileReference; lastKnownFileType = sourcecode.swift; path = SceneDelegate.swift; sourceTree = "<group>"; };
		F07483AB2B1F100C003B67D8 /* Base */ = {isa = PBXFileReference; lastKnownFileType = file.storyboard; name = Base; path = Base.lproj/Main.storyboard; sourceTree = "<group>"; };
		F07483AD2B1F100E003B67D8 /* Assets.xcassets */ = {isa = PBXFileReference; lastKnownFileType = folder.assetcatalog; path = Assets.xcassets; sourceTree = "<group>"; };
		F07483B02B1F100E003B67D8 /* Base */ = {isa = PBXFileReference; lastKnownFileType = file.storyboard; name = Base; path = Base.lproj/LaunchScreen.storyboard; sourceTree = "<group>"; };
		F07483B22B1F100E003B67D8 /* Info.plist */ = {isa = PBXFileReference; lastKnownFileType = text.plist.xml; path = Info.plist; sourceTree = "<group>"; };
		F0C7CE382B2992AA003355CE /* RegistrationTableViewController.swift */ = {isa = PBXFileReference; lastKnownFileType = sourcecode.swift; path = RegistrationTableViewController.swift; sourceTree = "<group>"; };
		F0DBA52A2B25DB0900EE7B28 /* Users.swift */ = {isa = PBXFileReference; lastKnownFileType = sourcecode.swift; path = Users.swift; sourceTree = "<group>"; };
		F0DBA52C2B25DB1700EE7B28 /* Patient.swift */ = {isa = PBXFileReference; lastKnownFileType = sourcecode.swift; path = Patient.swift; sourceTree = "<group>"; };
		F0DBA52E2B25DB2300EE7B28 /* Labs.swift */ = {isa = PBXFileReference; lastKnownFileType = sourcecode.swift; path = Labs.swift; sourceTree = "<group>"; };
		F0DBA5302B25DB3100EE7B28 /* Admin.swift */ = {isa = PBXFileReference; lastKnownFileType = sourcecode.swift; path = Admin.swift; sourceTree = "<group>"; };
		F0DBA5372B25DC1300EE7B28 /* UsersData.swift */ = {isa = PBXFileReference; lastKnownFileType = sourcecode.swift; name = UsersData.swift; path = LabCaught/Models/UsersData.swift; sourceTree = SOURCE_ROOT; };
		F0DBA5392B25DC2100EE7B28 /* Alerts.swift */ = {isa = PBXFileReference; lastKnownFileType = sourcecode.swift; name = Alerts.swift; path = LabCaught/Models/Alerts.swift; sourceTree = SOURCE_ROOT; };
		F0DBA53B2B25DC5200EE7B28 /* LoginTableViewController.swift */ = {isa = PBXFileReference; lastKnownFileType = sourcecode.swift; path = LoginTableViewController.swift; sourceTree = "<group>"; };
		F0E033BE2B1F18A80090D7BB /* Admin.storyboard */ = {isa = PBXFileReference; lastKnownFileType = file.storyboard; path = Admin.storyboard; sourceTree = "<group>"; };
		F0E033C02B1F18C40090D7BB /* Lab.storyboard */ = {isa = PBXFileReference; lastKnownFileType = file.storyboard; path = Lab.storyboard; sourceTree = "<group>"; };
		F0E033C22B1F18ED0090D7BB /* Paitent.storyboard */ = {isa = PBXFileReference; lastKnownFileType = file.storyboard; path = Paitent.storyboard; sourceTree = "<group>"; };
/* End PBXFileReference section */

/* Begin PBXFrameworksBuildPhase section */
		F074839E2B1F100C003B67D8 /* Frameworks */ = {
			isa = PBXFrameworksBuildPhase;
			buildActionMask = 2147483647;
			files = (
			);
			runOnlyForDeploymentPostprocessing = 0;
		};
/* End PBXFrameworksBuildPhase section */

/* Begin PBXGroup section */
		F07483982B1F100C003B67D8 = {
			isa = PBXGroup;
			children = (
				F07483A32B1F100C003B67D8 /* LabCaught */,
				F07483A22B1F100C003B67D8 /* Products */,
			);
			sourceTree = "<group>";
		};
		F07483A22B1F100C003B67D8 /* Products */ = {
			isa = PBXGroup;
			children = (
				F07483A12B1F100C003B67D8 /* LabCaught.app */,
			);
			name = Products;
			sourceTree = "<group>";
		};
		F07483A32B1F100C003B67D8 /* LabCaught */ = {
			isa = PBXGroup;
			children = (
				F0E033C62B1F19180090D7BB /* Controllers */,
				F0DBA5362B25DBAB00EE7B28 /* Helpers */,
				F0E033BB2B1F174D0090D7BB /* Views */,
				F07483B82B1F102B003B67D8 /* Models */,
				F07483A42B1F100C003B67D8 /* AppDelegate.swift */,
				F07483A62B1F100C003B67D8 /* SceneDelegate.swift */,
				F07483AA2B1F100C003B67D8 /* Main.storyboard */,
				F07483AD2B1F100E003B67D8 /* Assets.xcassets */,
				F07483AF2B1F100E003B67D8 /* LaunchScreen.storyboard */,
				F07483B22B1F100E003B67D8 /* Info.plist */,
				F0E033BE2B1F18A80090D7BB /* Admin.storyboard */,
				F0E033C02B1F18C40090D7BB /* Lab.storyboard */,
				F0E033C22B1F18ED0090D7BB /* Paitent.storyboard */,
				3AE79DD92B29E04000889BB7 /* PatientHistoryTableViewCell.swift */,
				8D5AB97E2B30D27700BA8FF8 /* calendarTableViewCell.swift */,
			);
			path = LabCaught;
			sourceTree = "<group>";
		};
		F07483B82B1F102B003B67D8 /* Models */ = {
			isa = PBXGroup;
			children = (
				F0DBA52A2B25DB0900EE7B28 /* Users.swift */,
				F0DBA52C2B25DB1700EE7B28 /* Patient.swift */,
				F0DBA52E2B25DB2300EE7B28 /* Labs.swift */,
				3AE79DCB2B29D8CD00889BB7 /* Test.swift */,
				3AE79DCD2B29D8E200889BB7 /* hospital.swift */,
				3AE79DCF2B29D91600889BB7 /* booking.swift */,
				3AE79DD12B29D94900889BB7 /* packages.swift */,
				F0DBA5302B25DB3100EE7B28 /* Admin.swift */,
			);
			path = Models;
			sourceTree = "<group>";
		};
		F0DBA5362B25DBAB00EE7B28 /* Helpers */ = {
			isa = PBXGroup;
			children = (
				F0DBA5372B25DC1300EE7B28 /* UsersData.swift */,
				3AE79DD72B29DE2B00889BB7 /* bookings.swift */,
				F0DBA5392B25DC2100EE7B28 /* Alerts.swift */,
				C6D4F2812B29A4AC00798CE4 /* LabData.swift */,
			);
			path = Helpers;
			sourceTree = "<group>";
		};
		F0E033BB2B1F174D0090D7BB /* Views */ = {
			isa = PBXGroup;
			children = (
				C6D4F2832B29AB3E00798CE4 /* HospitalLabTableViewCell.h */,
				C6D4F2842B29AB3E00798CE4 /* HospitalLabTableViewCell.m */,
			);
			path = Views;
			sourceTree = "<group>";
		};
		F0E033C62B1F19180090D7BB /* Controllers */ = {
			isa = PBXGroup;
			children = (
				F0DBA53B2B25DC5200EE7B28 /* LoginTableViewController.swift */,
				F0C7CE382B2992AA003355CE /* RegistrationTableViewController.swift */,
				3AE79DD52B29DCA200889BB7 /* patientBookingTableViewController.swift */,
				3A81C1F92B2B5A2300ADF51B /* viewBookingTableViewController.swift */,
				8D33AAB92B30D317004CC0EF /* bookingdateTableViewController.swift */,
			);
			path = Controllers;
			sourceTree = "<group>";
		};
/* End PBXGroup section */

/* Begin PBXNativeTarget section */
		F07483A02B1F100C003B67D8 /* LabCaught */ = {
			isa = PBXNativeTarget;
			buildConfigurationList = F07483B52B1F100E003B67D8 /* Build configuration list for PBXNativeTarget "LabCaught" */;
			buildPhases = (
				F074839D2B1F100C003B67D8 /* Sources */,
				F074839E2B1F100C003B67D8 /* Frameworks */,
				F074839F2B1F100C003B67D8 /* Resources */,
			);
			buildRules = (
			);
			dependencies = (
			);
			name = LabCaught;
			productName = LabCaught;
			productReference = F07483A12B1F100C003B67D8 /* LabCaught.app */;
			productType = "com.apple.product-type.application";
		};
/* End PBXNativeTarget section */

/* Begin PBXProject section */
		F07483992B1F100C003B67D8 /* Project object */ = {
			isa = PBXProject;
			attributes = {
				BuildIndependentTargetsInParallel = 1;
				LastSwiftUpdateCheck = 1430;
				LastUpgradeCheck = 1430;
				TargetAttributes = {
					F07483A02B1F100C003B67D8 = {
						CreatedOnToolsVersion = 14.3;
						LastSwiftMigration = 1430;
					};
				};
			};
			buildConfigurationList = F074839C2B1F100C003B67D8 /* Build configuration list for PBXProject "LabCaught" */;
			compatibilityVersion = "Xcode 14.0";
			developmentRegion = en;
			hasScannedForEncodings = 0;
			knownRegions = (
				en,
				Base,
			);
			mainGroup = F07483982B1F100C003B67D8;
			productRefGroup = F07483A22B1F100C003B67D8 /* Products */;
			projectDirPath = "";
			projectRoot = "";
			targets = (
				F07483A02B1F100C003B67D8 /* LabCaught */,
			);
		};
/* End PBXProject section */

/* Begin PBXResourcesBuildPhase section */
		F074839F2B1F100C003B67D8 /* Resources */ = {
			isa = PBXResourcesBuildPhase;
			buildActionMask = 2147483647;
			files = (
				F0E033BF2B1F18A80090D7BB /* Admin.storyboard in Resources */,
				F07483B12B1F100E003B67D8 /* LaunchScreen.storyboard in Resources */,
				F0E033C32B1F18ED0090D7BB /* Paitent.storyboard in Resources */,
				F07483AE2B1F100E003B67D8 /* Assets.xcassets in Resources */,
				F0E033C12B1F18C40090D7BB /* Lab.storyboard in Resources */,
				F07483AC2B1F100C003B67D8 /* Main.storyboard in Resources */,
			);
			runOnlyForDeploymentPostprocessing = 0;
		};
/* End PBXResourcesBuildPhase section */

/* Begin PBXSourcesBuildPhase section */
		F074839D2B1F100C003B67D8 /* Sources */ = {
			isa = PBXSourcesBuildPhase;
			buildActionMask = 2147483647;
			files = (
				C6D4F2852B29AB3E00798CE4 /* HospitalLabTableViewCell.m in Sources */,
				3AE79DCE2B29D8E200889BB7 /* hospital.swift in Sources */,
				F0DBA52F2B25DB2300EE7B28 /* Labs.swift in Sources */,
				3AE79DD82B29DE2B00889BB7 /* bookings.swift in Sources */,
				F0DBA5312B25DB3100EE7B28 /* Admin.swift in Sources */,
				F0DBA53C2B25DC5200EE7B28 /* LoginTableViewController.swift in Sources */,
				3AE79DD02B29D91600889BB7 /* booking.swift in Sources */,
				3AE79DDA2B29E04000889BB7 /* PatientHistoryTableViewCell.swift in Sources */,
				F0DBA53A2B25DC2100EE7B28 /* Alerts.swift in Sources */,
				F07483A52B1F100C003B67D8 /* AppDelegate.swift in Sources */,
				3A81C1FA2B2B5A2300ADF51B /* viewBookingTableViewController.swift in Sources */,
				3AE79DD22B29D94900889BB7 /* packages.swift in Sources */,
				3AE79DCC2B29D8CD00889BB7 /* Test.swift in Sources */,
				8D5AB97F2B30D27700BA8FF8 /* calendarTableViewCell.swift in Sources */,
				C6D4F2822B29A4AC00798CE4 /* LabData.swift in Sources */,
				8D33AABA2B30D317004CC0EF /* bookingdateTableViewController.swift in Sources */,
				F0DBA52D2B25DB1700EE7B28 /* Patient.swift in Sources */,
				F0DBA52B2B25DB0900EE7B28 /* Users.swift in Sources */,
				F07483A72B1F100C003B67D8 /* SceneDelegate.swift in Sources */,
				F0C7CE392B2992AA003355CE /* RegistrationTableViewController.swift in Sources */,
				F0DBA5382B25DC1300EE7B28 /* UsersData.swift in Sources */,
				3AE79DD62B29DCA200889BB7 /* patientBookingTableViewController.swift in Sources */,
			);
			runOnlyForDeploymentPostprocessing = 0;
		};
/* End PBXSourcesBuildPhase section */

/* Begin PBXVariantGroup section */
		F07483AA2B1F100C003B67D8 /* Main.storyboard */ = {
			isa = PBXVariantGroup;
			children = (
				F07483AB2B1F100C003B67D8 /* Base */,
			);
			name = Main.storyboard;
			sourceTree = "<group>";
		};
		F07483AF2B1F100E003B67D8 /* LaunchScreen.storyboard */ = {
			isa = PBXVariantGroup;
			children = (
				F07483B02B1F100E003B67D8 /* Base */,
			);
			name = LaunchScreen.storyboard;
			sourceTree = "<group>";
		};
/* End PBXVariantGroup section */

/* Begin XCBuildConfiguration section */
		F07483B32B1F100E003B67D8 /* Debug */ = {
			isa = XCBuildConfiguration;
			buildSettings = {
				ALWAYS_SEARCH_USER_PATHS = NO;
				CLANG_ANALYZER_NONNULL = YES;
				CLANG_ANALYZER_NUMBER_OBJECT_CONVERSION = YES_AGGRESSIVE;
				CLANG_CXX_LANGUAGE_STANDARD = "gnu++20";
				CLANG_ENABLE_MODULES = YES;
				CLANG_ENABLE_OBJC_ARC = YES;
				CLANG_ENABLE_OBJC_WEAK = YES;
				CLANG_WARN_BLOCK_CAPTURE_AUTORELEASING = YES;
				CLANG_WARN_BOOL_CONVERSION = YES;
				CLANG_WARN_COMMA = YES;
				CLANG_WARN_CONSTANT_CONVERSION = YES;
				CLANG_WARN_DEPRECATED_OBJC_IMPLEMENTATIONS = YES;
				CLANG_WARN_DIRECT_OBJC_ISA_USAGE = YES_ERROR;
				CLANG_WARN_DOCUMENTATION_COMMENTS = YES;
				CLANG_WARN_EMPTY_BODY = YES;
				CLANG_WARN_ENUM_CONVERSION = YES;
				CLANG_WARN_INFINITE_RECURSION = YES;
				CLANG_WARN_INT_CONVERSION = YES;
				CLANG_WARN_NON_LITERAL_NULL_CONVERSION = YES;
				CLANG_WARN_OBJC_IMPLICIT_RETAIN_SELF = YES;
				CLANG_WARN_OBJC_LITERAL_CONVERSION = YES;
				CLANG_WARN_OBJC_ROOT_CLASS = YES_ERROR;
				CLANG_WARN_QUOTED_INCLUDE_IN_FRAMEWORK_HEADER = YES;
				CLANG_WARN_RANGE_LOOP_ANALYSIS = YES;
				CLANG_WARN_STRICT_PROTOTYPES = YES;
				CLANG_WARN_SUSPICIOUS_MOVE = YES;
				CLANG_WARN_UNGUARDED_AVAILABILITY = YES_AGGRESSIVE;
				CLANG_WARN_UNREACHABLE_CODE = YES;
				CLANG_WARN__DUPLICATE_METHOD_MATCH = YES;
				COPY_PHASE_STRIP = NO;
				DEBUG_INFORMATION_FORMAT = dwarf;
				ENABLE_STRICT_OBJC_MSGSEND = YES;
				ENABLE_TESTABILITY = YES;
				GCC_C_LANGUAGE_STANDARD = gnu11;
				GCC_DYNAMIC_NO_PIC = NO;
				GCC_NO_COMMON_BLOCKS = YES;
				GCC_OPTIMIZATION_LEVEL = 0;
				GCC_PREPROCESSOR_DEFINITIONS = (
					"DEBUG=1",
					"$(inherited)",
				);
				GCC_WARN_64_TO_32_BIT_CONVERSION = YES;
				GCC_WARN_ABOUT_RETURN_TYPE = YES_ERROR;
				GCC_WARN_UNDECLARED_SELECTOR = YES;
				GCC_WARN_UNINITIALIZED_AUTOS = YES_AGGRESSIVE;
				GCC_WARN_UNUSED_FUNCTION = YES;
				GCC_WARN_UNUSED_VARIABLE = YES;
				IPHONEOS_DEPLOYMENT_TARGET = 16.4;
				MTL_ENABLE_DEBUG_INFO = INCLUDE_SOURCE;
				MTL_FAST_MATH = YES;
				ONLY_ACTIVE_ARCH = YES;
				SDKROOT = iphoneos;
				SWIFT_ACTIVE_COMPILATION_CONDITIONS = DEBUG;
				SWIFT_OPTIMIZATION_LEVEL = "-Onone";
			};
			name = Debug;
		};
		F07483B42B1F100E003B67D8 /* Release */ = {
			isa = XCBuildConfiguration;
			buildSettings = {
				ALWAYS_SEARCH_USER_PATHS = NO;
				CLANG_ANALYZER_NONNULL = YES;
				CLANG_ANALYZER_NUMBER_OBJECT_CONVERSION = YES_AGGRESSIVE;
				CLANG_CXX_LANGUAGE_STANDARD = "gnu++20";
				CLANG_ENABLE_MODULES = YES;
				CLANG_ENABLE_OBJC_ARC = YES;
				CLANG_ENABLE_OBJC_WEAK = YES;
				CLANG_WARN_BLOCK_CAPTURE_AUTORELEASING = YES;
				CLANG_WARN_BOOL_CONVERSION = YES;
				CLANG_WARN_COMMA = YES;
				CLANG_WARN_CONSTANT_CONVERSION = YES;
				CLANG_WARN_DEPRECATED_OBJC_IMPLEMENTATIONS = YES;
				CLANG_WARN_DIRECT_OBJC_ISA_USAGE = YES_ERROR;
				CLANG_WARN_DOCUMENTATION_COMMENTS = YES;
				CLANG_WARN_EMPTY_BODY = YES;
				CLANG_WARN_ENUM_CONVERSION = YES;
				CLANG_WARN_INFINITE_RECURSION = YES;
				CLANG_WARN_INT_CONVERSION = YES;
				CLANG_WARN_NON_LITERAL_NULL_CONVERSION = YES;
				CLANG_WARN_OBJC_IMPLICIT_RETAIN_SELF = YES;
				CLANG_WARN_OBJC_LITERAL_CONVERSION = YES;
				CLANG_WARN_OBJC_ROOT_CLASS = YES_ERROR;
				CLANG_WARN_QUOTED_INCLUDE_IN_FRAMEWORK_HEADER = YES;
				CLANG_WARN_RANGE_LOOP_ANALYSIS = YES;
				CLANG_WARN_STRICT_PROTOTYPES = YES;
				CLANG_WARN_SUSPICIOUS_MOVE = YES;
				CLANG_WARN_UNGUARDED_AVAILABILITY = YES_AGGRESSIVE;
				CLANG_WARN_UNREACHABLE_CODE = YES;
				CLANG_WARN__DUPLICATE_METHOD_MATCH = YES;
				COPY_PHASE_STRIP = NO;
				DEBUG_INFORMATION_FORMAT = "dwarf-with-dsym";
				ENABLE_NS_ASSERTIONS = NO;
				ENABLE_STRICT_OBJC_MSGSEND = YES;
				GCC_C_LANGUAGE_STANDARD = gnu11;
				GCC_NO_COMMON_BLOCKS = YES;
				GCC_WARN_64_TO_32_BIT_CONVERSION = YES;
				GCC_WARN_ABOUT_RETURN_TYPE = YES_ERROR;
				GCC_WARN_UNDECLARED_SELECTOR = YES;
				GCC_WARN_UNINITIALIZED_AUTOS = YES_AGGRESSIVE;
				GCC_WARN_UNUSED_FUNCTION = YES;
				GCC_WARN_UNUSED_VARIABLE = YES;
				IPHONEOS_DEPLOYMENT_TARGET = 16.4;
				MTL_ENABLE_DEBUG_INFO = NO;
				MTL_FAST_MATH = YES;
				SDKROOT = iphoneos;
				SWIFT_COMPILATION_MODE = wholemodule;
				SWIFT_OPTIMIZATION_LEVEL = "-O";
				VALIDATE_PRODUCT = YES;
			};
			name = Release;
		};
		F07483B62B1F100E003B67D8 /* Debug */ = {
			isa = XCBuildConfiguration;
			buildSettings = {
				ASSETCATALOG_COMPILER_APPICON_NAME = AppIcon;
				ASSETCATALOG_COMPILER_GLOBAL_ACCENT_COLOR_NAME = AccentColor;
				CLANG_ENABLE_MODULES = YES;
				CODE_SIGN_STYLE = Automatic;
				CURRENT_PROJECT_VERSION = 1;
				GENERATE_INFOPLIST_FILE = YES;
				INFOPLIST_FILE = LabCaught/Info.plist;
				INFOPLIST_KEY_UIApplicationSupportsIndirectInputEvents = YES;
				INFOPLIST_KEY_UILaunchStoryboardName = LaunchScreen.storyboard;
				INFOPLIST_KEY_UIMainStoryboardFile = Main;
				INFOPLIST_KEY_UISupportedInterfaceOrientations_iPad = "UIInterfaceOrientationPortrait UIInterfaceOrientationPortraitUpsideDown UIInterfaceOrientationLandscapeLeft UIInterfaceOrientationLandscapeRight";
				INFOPLIST_KEY_UISupportedInterfaceOrientations_iPhone = "UIInterfaceOrientationPortrait UIInterfaceOrientationLandscapeLeft UIInterfaceOrientationLandscapeRight";
				IPHONEOS_DEPLOYMENT_TARGET = 16.0;
				LD_RUNPATH_SEARCH_PATHS = (
					"$(inherited)",
					"@executable_path/Frameworks",
				);
				MARKETING_VERSION = 1.0;
				PRODUCT_BUNDLE_IDENTIFIER = bh.polytechnic.LabCaught;
				PRODUCT_NAME = "$(TARGET_NAME)";
				SWIFT_EMIT_LOC_STRINGS = YES;
				SWIFT_OPTIMIZATION_LEVEL = "-Onone";
				SWIFT_VERSION = 5.0;
				TARGETED_DEVICE_FAMILY = "1,2";
			};
			name = Debug;
		};
		F07483B72B1F100E003B67D8 /* Release */ = {
			isa = XCBuildConfiguration;
			buildSettings = {
				ASSETCATALOG_COMPILER_APPICON_NAME = AppIcon;
				ASSETCATALOG_COMPILER_GLOBAL_ACCENT_COLOR_NAME = AccentColor;
				CLANG_ENABLE_MODULES = YES;
				CODE_SIGN_STYLE = Automatic;
				CURRENT_PROJECT_VERSION = 1;
				GENERATE_INFOPLIST_FILE = YES;
				INFOPLIST_FILE = LabCaught/Info.plist;
				INFOPLIST_KEY_UIApplicationSupportsIndirectInputEvents = YES;
				INFOPLIST_KEY_UILaunchStoryboardName = LaunchScreen.storyboard;
				INFOPLIST_KEY_UIMainStoryboardFile = Main;
				INFOPLIST_KEY_UISupportedInterfaceOrientations_iPad = "UIInterfaceOrientationPortrait UIInterfaceOrientationPortraitUpsideDown UIInterfaceOrientationLandscapeLeft UIInterfaceOrientationLandscapeRight";
				INFOPLIST_KEY_UISupportedInterfaceOrientations_iPhone = "UIInterfaceOrientationPortrait UIInterfaceOrientationLandscapeLeft UIInterfaceOrientationLandscapeRight";
				IPHONEOS_DEPLOYMENT_TARGET = 16.0;
				LD_RUNPATH_SEARCH_PATHS = (
					"$(inherited)",
					"@executable_path/Frameworks",
				);
				MARKETING_VERSION = 1.0;
				PRODUCT_BUNDLE_IDENTIFIER = bh.polytechnic.LabCaught;
				PRODUCT_NAME = "$(TARGET_NAME)";
				SWIFT_EMIT_LOC_STRINGS = YES;
				SWIFT_VERSION = 5.0;
				TARGETED_DEVICE_FAMILY = "1,2";
			};
			name = Release;
		};
/* End XCBuildConfiguration section */

/* Begin XCConfigurationList section */
		F074839C2B1F100C003B67D8 /* Build configuration list for PBXProject "LabCaught" */ = {
			isa = XCConfigurationList;
			buildConfigurations = (
				F07483B32B1F100E003B67D8 /* Debug */,
				F07483B42B1F100E003B67D8 /* Release */,
			);
			defaultConfigurationIsVisible = 0;
			defaultConfigurationName = Release;
		};
		F07483B52B1F100E003B67D8 /* Build configuration list for PBXNativeTarget "LabCaught" */ = {
			isa = XCConfigurationList;
			buildConfigurations = (
				F07483B62B1F100E003B67D8 /* Debug */,
				F07483B72B1F100E003B67D8 /* Release */,
			);
			defaultConfigurationIsVisible = 0;
			defaultConfigurationName = Release;
		};
/* End XCConfigurationList section */
	};
	rootObject = F07483992B1F100C003B67D8 /* Project object */;
}
